
Microsoft Visual Studio Solution File, Format Version 12.00
# Visual Studio Version 17
VisualStudioVersion = 17.2.32526.322
MinimumVisualStudioVersion = 10.0.40219.1
Project("{FAE04EC0-301F-11D3-BF4B-00C04F79EFBC}") = "Odd_Or_Even", "Odd_Or_Even\Odd_Or_Even.csproj", "{91BFFB64-98C9-4F67-BFA4-CA9AB6D73009}"
EndProject
Global
	GlobalSection(SolutionConfigurationPlatforms) = preSolution
		Debug|Any CPU = Debug|Any CPU
		Release|Any CPU = Release|Any CPU
	EndGlobalSection
	GlobalSection(ProjectConfigurationPlatforms) = postSolution
		{91BFFB64-98C9-4F67-BFA4-CA9AB6D73009}.Debug|Any CPU.ActiveCfg = Debug|Any CPU
		{91BFFB64-98C9-4F67-BFA4-CA9AB6D73009}.Debug|Any CPU.Build.0 = Debug|Any CPU
		{91BFFB64-98C9-4F67-BFA4-CA9AB6D73009}.Release|Any CPU.ActiveCfg = Release|Any CPU
		{91BFFB64-98C9-4F67-BFA4-CA9AB6D73009}.Release|Any CPU.Build.0 = Release|Any CPU
	EndGlobalSection
	GlobalSection(SolutionProperties) = preSolution
		HideSolutionNode = FALSE
	EndGlobalSection
	GlobalSection(ExtensibilityGlobals) = postSolution
		SolutionGuid = {B66EE946-9679-4FF8-85C7-F8485F4258AC}
	EndGlobalSection
EndGlobal
